
Microsoft Visual Studio Solution File, Format Version 12.00
# Visual Studio Version 17
VisualStudioVersion = 17.13.35931.197 d17.13
MinimumVisualStudioVersion = 10.0.40219.1
Project("{FAE04EC0-301F-11D3-BF4B-00C04F79EFBC}") = "PracticaParcial1", "PracticaParcial1\PracticaParcial1.csproj", "{9F87DB7F-32FC-4D32-9D76-D876B5DADF44}"
EndProject
Global
	GlobalSection(SolutionConfigurationPlatforms) = preSolution
		Debug|Any CPU = Debug|Any CPU
		Release|Any CPU = Release|Any CPU
	EndGlobalSection
	GlobalSection(ProjectConfigurationPlatforms) = postSolution
		{9F87DB7F-32FC-4D32-9D76-D876B5DADF44}.Debug|Any CPU.ActiveCfg = Debug|Any CPU
		{9F87DB7F-32FC-4D32-9D76-D876B5DADF44}.Debug|Any CPU.Build.0 = Debug|Any CPU
		{9F87DB7F-32FC-4D32-9D76-D876B5DADF44}.Release|Any CPU.ActiveCfg = Release|Any CPU
		{9F87DB7F-32FC-4D32-9D76-D876B5DADF44}.Release|Any CPU.Build.0 = Release|Any CPU
	EndGlobalSection
	GlobalSection(SolutionProperties) = preSolution
		HideSolutionNode = FALSE
	EndGlobalSection
	GlobalSection(ExtensibilityGlobals) = postSolution
		SolutionGuid = {C2CC8216-D3E0-4821-B13E-F100B7C6EB7E}
	EndGlobalSection
EndGlobal
